
Microsoft Visual Studio Solution File, Format Version 12.00
# Visual Studio Version 17
VisualStudioVersion = 17.13.35818.85 d17.13
MinimumVisualStudioVersion = 10.0.40219.1
Project("{FAE04EC0-301F-11D3-BF4B-00C04F79EFBC}") = "Domain", "Domain\Domain.csproj", "{4ABB4567-A71A-417E-8961-3CB90C5D3062}"
EndProject
Project("{FAE04EC0-301F-11D3-BF4B-00C04F79EFBC}") = "Application", "Application\Application.csproj", "{C738FFB7-B85A-4E9B-8C5B-414C0CFD696B}"
EndProject
Project("{FAE04EC0-301F-11D3-BF4B-00C04F79EFBC}") = "Persistence", "Persistence\Persistence.csproj", "{08EF5939-6DBB-4F6C-9A90-526EE90F48D1}"
EndProject
Project("{FAE04EC0-301F-11D3-BF4B-00C04F79EFBC}") = "Infrastructure", "Infrastructure\Infrastructure.csproj", "{CBD8AE1F-3C10-4A29-B892-835A6D7A96EC}"
EndProject
Project("{FAE04EC0-301F-11D3-BF4B-00C04F79EFBC}") = "WebAPI", "WebAPI\WebAPI.csproj", "{FD0DF4CA-C073-47E4-8D1B-AF38D81B5D09}"
EndProject
Project("{FAE04EC0-301F-11D3-BF4B-00C04F79EFBC}") = "Core", "Core\Core.csproj", "{47F8ED24-6ACB-4197-841F-62414A2100C1}"
EndProject
Global
	GlobalSection(SolutionConfigurationPlatforms) = preSolution
		Debug|Any CPU = Debug|Any CPU
		Release|Any CPU = Release|Any CPU
	EndGlobalSection
	GlobalSection(ProjectConfigurationPlatforms) = postSolution
		{4ABB4567-A71A-417E-8961-3CB90C5D3062}.Debug|Any CPU.ActiveCfg = Debug|Any CPU
		{4ABB4567-A71A-417E-8961-3CB90C5D3062}.Debug|Any CPU.Build.0 = Debug|Any CPU
		{4ABB4567-A71A-417E-8961-3CB90C5D3062}.Release|Any CPU.ActiveCfg = Release|Any CPU
		{4ABB4567-A71A-417E-8961-3CB90C5D3062}.Release|Any CPU.Build.0 = Release|Any CPU
		{C738FFB7-B85A-4E9B-8C5B-414C0CFD696B}.Debug|Any CPU.ActiveCfg = Debug|Any CPU
		{C738FFB7-B85A-4E9B-8C5B-414C0CFD696B}.Debug|Any CPU.Build.0 = Debug|Any CPU
		{C738FFB7-B85A-4E9B-8C5B-414C0CFD696B}.Release|Any CPU.ActiveCfg = Release|Any CPU
		{C738FFB7-B85A-4E9B-8C5B-414C0CFD696B}.Release|Any CPU.Build.0 = Release|Any CPU
		{08EF5939-6DBB-4F6C-9A90-526EE90F48D1}.Debug|Any CPU.ActiveCfg = Debug|Any CPU
		{08EF5939-6DBB-4F6C-9A90-526EE90F48D1}.Debug|Any CPU.Build.0 = Debug|Any CPU
		{08EF5939-6DBB-4F6C-9A90-526EE90F48D1}.Release|Any CPU.ActiveCfg = Release|Any CPU
		{08EF5939-6DBB-4F6C-9A90-526EE90F48D1}.Release|Any CPU.Build.0 = Release|Any CPU
		{CBD8AE1F-3C10-4A29-B892-835A6D7A96EC}.Debug|Any CPU.ActiveCfg = Debug|Any CPU
		{CBD8AE1F-3C10-4A29-B892-835A6D7A96EC}.Debug|Any CPU.Build.0 = Debug|Any CPU
		{CBD8AE1F-3C10-4A29-B892-835A6D7A96EC}.Release|Any CPU.ActiveCfg = Release|Any CPU
		{CBD8AE1F-3C10-4A29-B892-835A6D7A96EC}.Release|Any CPU.Build.0 = Release|Any CPU
		{FD0DF4CA-C073-47E4-8D1B-AF38D81B5D09}.Debug|Any CPU.ActiveCfg = Debug|Any CPU
		{FD0DF4CA-C073-47E4-8D1B-AF38D81B5D09}.Debug|Any CPU.Build.0 = Debug|Any CPU
		{FD0DF4CA-C073-47E4-8D1B-AF38D81B5D09}.Release|Any CPU.ActiveCfg = Release|Any CPU
		{FD0DF4CA-C073-47E4-8D1B-AF38D81B5D09}.Release|Any CPU.Build.0 = Release|Any CPU
		{47F8ED24-6ACB-4197-841F-62414A2100C1}.Debug|Any CPU.ActiveCfg = Debug|Any CPU
		{47F8ED24-6ACB-4197-841F-62414A2100C1}.Debug|Any CPU.Build.0 = Debug|Any CPU
		{47F8ED24-6ACB-4197-841F-62414A2100C1}.Release|Any CPU.ActiveCfg = Release|Any CPU
		{47F8ED24-6ACB-4197-841F-62414A2100C1}.Release|Any CPU.Build.0 = Release|Any CPU
	EndGlobalSection
	GlobalSection(SolutionProperties) = preSolution
		HideSolutionNode = FALSE
	EndGlobalSection
	GlobalSection(ExtensibilityGlobals) = postSolution
		SolutionGuid = {F10AF772-A7BB-4781-80CC-E6EABAC677B4}
	EndGlobalSection
EndGlobal
